// !$*UTF8*$!
{
	archiveVersion = 1;
	classes = {
	};
	objectVersion = 77;
	objects = {

/* Begin PBXBuildFile section */
		14FE093BD8720ED0CFE3864A /* PropertyListingsApp.swift in Sources */ = {isa = PBXBuildFile; fileRef = 191461208EF00FD0D076FAD4 /* PropertyListingsApp.swift */; };
		31D41BCBBFD4590CFD631C99 /* HTTPClientLive in Frameworks */ = {isa = PBXBuildFile; productRef = 92BA569E54A614CFFF001F56 /* HTTPClientLive */; };
		36FF4E736DD624ED4641DD01 /* Assets.xcassets in Resources */ = {isa = PBXBuildFile; fileRef = 8B6AD647C68A0F9259BB5E31 /* Assets.xcassets */; };
		3F93ACD1707DB4C6332AF185 /* ListingsAPIEndToEndTests.swift in Sources */ = {isa = PBXBuildFile; fileRef = 1DB5B6A305F9F8010F0DE862 /* ListingsAPIEndToEndTests.swift */; };
		6851A8450C9FDDFE497AA98D /* ListingsAPI in Frameworks */ = {isa = PBXBuildFile; productRef = CDA5F3069E88F3DFEC8F7316 /* ListingsAPI */; };
		90E021C576B36A78ECA96AFE /* ListingsFeature in Frameworks */ = {isa = PBXBuildFile; productRef = 0CE768B798ADBC571C77B0E1 /* ListingsFeature */; };
/* End PBXBuildFile section */

/* Begin PBXFileReference section */
		191461208EF00FD0D076FAD4 /* PropertyListingsApp.swift */ = {isa = PBXFileReference; lastKnownFileType = sourcecode.swift; path = PropertyListingsApp.swift; sourceTree = "<group>"; };
		19B59B24773D2FE35703D661 /* Listings */ = {isa = PBXFileReference; lastKnownFileType = folder; name = Listings; path = Modules/Listings; sourceTree = SOURCE_ROOT; };
		1DB5B6A305F9F8010F0DE862 /* ListingsAPIEndToEndTests.swift */ = {isa = PBXFileReference; lastKnownFileType = sourcecode.swift; path = ListingsAPIEndToEndTests.swift; sourceTree = "<group>"; };
		24F20F4231156975DD571AC2 /* HTTPClient */ = {isa = PBXFileReference; lastKnownFileType = folder; name = HTTPClient; path = Modules/Shared/HTTPClient; sourceTree = SOURCE_ROOT; };
		4A0D2A33110AEB4CFEC44F54 /* PropertyListings.app */ = {isa = PBXFileReference; includeInIndex = 0; lastKnownFileType = wrapper.application; path = PropertyListings.app; sourceTree = BUILT_PRODUCTS_DIR; };
		8B6AD647C68A0F9259BB5E31 /* Assets.xcassets */ = {isa = PBXFileReference; lastKnownFileType = folder.assetcatalog; path = Assets.xcassets; sourceTree = "<group>"; };
		9F2F24AD3B93BE0C62F1CFE4 /* Info.plist */ = {isa = PBXFileReference; lastKnownFileType = text.plist; path = Info.plist; sourceTree = "<group>"; };
		C2FB02D48B3BA2410D26F32F /* PropertyListingsEndToEndTests.xctest */ = {isa = PBXFileReference; explicitFileType = wrapper.cfbundle; includeInIndex = 0; path = PropertyListingsEndToEndTests.xctest; sourceTree = BUILT_PRODUCTS_DIR; };
/* End PBXFileReference section */

/* Begin PBXFrameworksBuildPhase section */
		967E11D456AD014DBD52DA46 /* Frameworks */ = {
			isa = PBXFrameworksBuildPhase;
			buildActionMask = 2147483647;
			files = (
				6851A8450C9FDDFE497AA98D /* ListingsAPI in Frameworks */,
				90E021C576B36A78ECA96AFE /* ListingsFeature in Frameworks */,
				31D41BCBBFD4590CFD631C99 /* HTTPClientLive in Frameworks */,
			);
			runOnlyForDeploymentPostprocessing = 0;
		};
/* End PBXFrameworksBuildPhase section */

/* Begin PBXGroup section */
		50D1265429746CF6C7356253 /* PropertyListings */ = {
			isa = PBXGroup;
			children = (
				8B6AD647C68A0F9259BB5E31 /* Assets.xcassets */,
				9F2F24AD3B93BE0C62F1CFE4 /* Info.plist */,
				191461208EF00FD0D076FAD4 /* PropertyListingsApp.swift */,
			);
			path = PropertyListings;
			sourceTree = "<group>";
		};
		864EBD4C6E0A972734AE38AC = {
			isa = PBXGroup;
			children = (
				E09544C037560B11B6E6DB74 /* Packages */,
				50D1265429746CF6C7356253 /* PropertyListings */,
				88315EA121456C948222E859 /* PropertyListingsEndToEndTests */,
				B1EEEADC8F4113826E9B94B2 /* Products */,
			);
			sourceTree = "<group>";
		};
		88315EA121456C948222E859 /* PropertyListingsEndToEndTests */ = {
			isa = PBXGroup;
			children = (
				1DB5B6A305F9F8010F0DE862 /* ListingsAPIEndToEndTests.swift */,
			);
			path = PropertyListingsEndToEndTests;
			sourceTree = "<group>";
		};
		B1EEEADC8F4113826E9B94B2 /* Products */ = {
			isa = PBXGroup;
			children = (
				4A0D2A33110AEB4CFEC44F54 /* PropertyListings.app */,
				C2FB02D48B3BA2410D26F32F /* PropertyListingsEndToEndTests.xctest */,
			);
			name = Products;
			sourceTree = "<group>";
		};
		E09544C037560B11B6E6DB74 /* Packages */ = {
			isa = PBXGroup;
			children = (
				24F20F4231156975DD571AC2 /* HTTPClient */,
				19B59B24773D2FE35703D661 /* Listings */,
			);
			name = Packages;
			sourceTree = "<group>";
		};
/* End PBXGroup section */

/* Begin PBXNativeTarget section */
		711634F56341FB329915DCE3 /* PropertyListings */ = {
			isa = PBXNativeTarget;
			buildConfigurationList = 8B734AA44CA4E1C75FEEC1CA /* Build configuration list for PBXNativeTarget "PropertyListings" */;
			buildPhases = (
				B5A0698B6B335C53D0EE6129 /* Sources */,
				F0831EAD3D2BD26A35353A16 /* Resources */,
			);
			buildRules = (
			);
			dependencies = (
			);
			name = PropertyListings;
			packageProductDependencies = (
			);
			productName = PropertyListings;
			productReference = 4A0D2A33110AEB4CFEC44F54 /* PropertyListings.app */;
			productType = "com.apple.product-type.application";
		};
		A4BF7633E802714201120379 /* PropertyListingsEndToEndTests */ = {
			isa = PBXNativeTarget;
			buildConfigurationList = E82D374805486B15403403B7 /* Build configuration list for PBXNativeTarget "PropertyListingsEndToEndTests" */;
			buildPhases = (
				8ED6502E540E2DA9912F68F0 /* Sources */,
				967E11D456AD014DBD52DA46 /* Frameworks */,
			);
			buildRules = (
			);
			dependencies = (
			);
			name = PropertyListingsEndToEndTests;
			packageProductDependencies = (
				CDA5F3069E88F3DFEC8F7316 /* ListingsAPI */,
				0CE768B798ADBC571C77B0E1 /* ListingsFeature */,
				92BA569E54A614CFFF001F56 /* HTTPClientLive */,
			);
			productName = PropertyListingsEndToEndTests;
			productReference = C2FB02D48B3BA2410D26F32F /* PropertyListingsEndToEndTests.xctest */;
			productType = "com.apple.product-type.bundle.unit-test";
		};
/* End PBXNativeTarget section */

/* Begin PBXProject section */
		76EED64219FA5FA7BC508D8F /* Project object */ = {
			isa = PBXProject;
			attributes = {
				BuildIndependentTargetsInParallel = YES;
				LastUpgradeCheck = 2630;
				TargetAttributes = {
					711634F56341FB329915DCE3 = {
						ProvisioningStyle = Automatic;
					};
					A4BF7633E802714201120379 = {
						ProvisioningStyle = Automatic;
					};
				};
			};
			buildConfigurationList = DB6519D0BAD01F28C8D95502 /* Build configuration list for PBXProject "PropertyListings" */;
			developmentRegion = en;
			hasScannedForEncodings = 0;
			knownRegions = (
				Base,
				en,
			);
			mainGroup = 864EBD4C6E0A972734AE38AC;
			minimizedProjectReferenceProxies = 1;
			packageReferences = (
				E7E32880A1B6F03CEC31E57D /* XCLocalSwiftPackageReference "Modules/Shared/HTTPClient" */,
				A198456E11FB22B85C56A7F0 /* XCLocalSwiftPackageReference "Modules/Listings" */,
			);
			preferredProjectObjectVersion = 77;
			productRefGroup = B1EEEADC8F4113826E9B94B2 /* Products */;
			projectDirPath = "";
			projectRoot = "";
			targets = (
				711634F56341FB329915DCE3 /* PropertyListings */,
				A4BF7633E802714201120379 /* PropertyListingsEndToEndTests */,
			);
		};
/* End PBXProject section */

/* Begin PBXResourcesBuildPhase section */
		F0831EAD3D2BD26A35353A16 /* Resources */ = {
			isa = PBXResourcesBuildPhase;
			buildActionMask = 2147483647;
			files = (
				36FF4E736DD624ED4641DD01 /* Assets.xcassets in Resources */,
			);
			runOnlyForDeploymentPostprocessing = 0;
		};
/* End PBXResourcesBuildPhase section */

/* Begin PBXSourcesBuildPhase section */
		8ED6502E540E2DA9912F68F0 /* Sources */ = {
			isa = PBXSourcesBuildPhase;
			buildActionMask = 2147483647;
			files = (
				3F93ACD1707DB4C6332AF185 /* ListingsAPIEndToEndTests.swift in Sources */,
			);
			runOnlyForDeploymentPostprocessing = 0;
		};
		B5A0698B6B335C53D0EE6129 /* Sources */ = {
			isa = PBXSourcesBuildPhase;
			buildActionMask = 2147483647;
			files = (
				14FE093BD8720ED0CFE3864A /* PropertyListingsApp.swift in Sources */,
			);
			runOnlyForDeploymentPostprocessing = 0;
		};
/* End PBXSourcesBuildPhase section */

/* Begin XCBuildConfiguration section */
		487712F4024B9AAB6D902039 /* Debug */ = {
			isa = XCBuildConfiguration;
			buildSettings = {
				ASSETCATALOG_COMPILER_APPICON_NAME = AppIcon;
				ASSETCATALOG_COMPILER_GLOBAL_ACCENT_COLOR_NAME = AccentColor;
				CODE_SIGN_IDENTITY = "iPhone Developer";
				INFOPLIST_FILE = PropertyListings/Info.plist;
				LD_RUNPATH_SEARCH_PATHS = (
					"$(inherited)",
					"@executable_path/Frameworks",
				);
				PRODUCT_BUNDLE_IDENTIFIER = com.anthony.propertylistings;
				SDKROOT = iphoneos;
				TARGETED_DEVICE_FAMILY = "1,2";
			};
			name = Debug;
		};
		6D40B687B5C2A1C39D8E3AFA /* Debug */ = {
			isa = XCBuildConfiguration;
			buildSettings = {
				BUNDLE_LOADER = "$(TEST_HOST)";
				CODE_SIGN_IDENTITY = "-";
				COMBINE_HIDPI_IMAGES = YES;
				GENERATE_INFOPLIST_FILE = YES;
				LD_RUNPATH_SEARCH_PATHS = (
					"$(inherited)",
					"@executable_path/../Frameworks",
					"@loader_path/../Frameworks",
				);
				MACOSX_DEPLOYMENT_TARGET = 15.0;
				PRODUCT_BUNDLE_IDENTIFIER = com.anthony.PropertyListingsEndToEndTests;
				SDKROOT = macosx;
			};
			name = Debug;
		};
		8D3EC30782D071D5A0C43122 /* Release */ = {
			isa = XCBuildConfiguration;
			buildSettings = {
				ASSETCATALOG_COMPILER_APPICON_NAME = AppIcon;
				ASSETCATALOG_COMPILER_GLOBAL_ACCENT_COLOR_NAME = AccentColor;
				CODE_SIGN_IDENTITY = "iPhone Developer";
				INFOPLIST_FILE = PropertyListings/Info.plist;
				LD_RUNPATH_SEARCH_PATHS = (
					"$(inherited)",
					"@executable_path/Frameworks",
				);
				PRODUCT_BUNDLE_IDENTIFIER = com.anthony.propertylistings;
				SDKROOT = iphoneos;
				TARGETED_DEVICE_FAMILY = "1,2";
			};
			name = Release;
		};
		B5F6F0CF8C5F2CE026A3515D /* Release */ = {
			isa = XCBuildConfiguration;
			buildSettings = {
				BUNDLE_LOADER = "$(TEST_HOST)";
				CODE_SIGN_IDENTITY = "-";
				COMBINE_HIDPI_IMAGES = YES;
				GENERATE_INFOPLIST_FILE = YES;
				LD_RUNPATH_SEARCH_PATHS = (
					"$(inherited)",
					"@executable_path/../Frameworks",
					"@loader_path/../Frameworks",
				);
				MACOSX_DEPLOYMENT_TARGET = 15.0;
				PRODUCT_BUNDLE_IDENTIFIER = com.anthony.PropertyListingsEndToEndTests;
				SDKROOT = macosx;
			};
			name = Release;
		};
		D3B0B16AD2F47BC42BD07E39 /* Release */ = {
			isa = XCBuildConfiguration;
			buildSettings = {
				ALWAYS_SEARCH_USER_PATHS = NO;
				CLANG_ANALYZER_NONNULL = YES;
				CLANG_ANALYZER_NUMBER_OBJECT_CONVERSION = YES_AGGRESSIVE;
				CLANG_CXX_LANGUAGE_STANDARD = "gnu++14";
				CLANG_CXX_LIBRARY = "libc++";
				CLANG_ENABLE_MODULES = YES;
				CLANG_ENABLE_OBJC_ARC = YES;
				CLANG_ENABLE_OBJC_WEAK = YES;
				CLANG_WARN_BLOCK_CAPTURE_AUTORELEASING = YES;
				CLANG_WARN_BOOL_CONVERSION = YES;
				CLANG_WARN_COMMA = YES;
				CLANG_WARN_CONSTANT_CONVERSION = YES;
				CLANG_WARN_DEPRECATED_OBJC_IMPLEMENTATIONS = YES;
				CLANG_WARN_DIRECT_OBJC_ISA_USAGE = YES_ERROR;
				CLANG_WARN_DOCUMENTATION_COMMENTS = YES;
				CLANG_WARN_EMPTY_BODY = YES;
				CLANG_WARN_ENUM_CONVERSION = YES;
				CLANG_WARN_INFINITE_RECURSION = YES;
				CLANG_WARN_INT_CONVERSION = YES;
				CLANG_WARN_NON_LITERAL_NULL_CONVERSION = YES;
				CLANG_WARN_OBJC_IMPLICIT_RETAIN_SELF = YES;
				CLANG_WARN_OBJC_LITERAL_CONVERSION = YES;
				CLANG_WARN_OBJC_ROOT_CLASS = YES_ERROR;
				CLANG_WARN_QUOTED_INCLUDE_IN_FRAMEWORK_HEADER = YES;
				CLANG_WARN_RANGE_LOOP_ANALYSIS = YES;
				CLANG_WARN_STRICT_PROTOTYPES = YES;
				CLANG_WARN_SUSPICIOUS_MOVE = YES;
				CLANG_WARN_UNGUARDED_AVAILABILITY = YES_AGGRESSIVE;
				CLANG_WARN_UNREACHABLE_CODE = YES;
				CLANG_WARN__DUPLICATE_METHOD_MATCH = YES;
				CODE_SIGN_STYLE = Automatic;
				COPY_PHASE_STRIP = NO;
				DEBUG_INFORMATION_FORMAT = "dwarf-with-dsym";
				ENABLE_NS_ASSERTIONS = NO;
				ENABLE_STRICT_OBJC_MSGSEND = YES;
				GCC_C_LANGUAGE_STANDARD = gnu11;
				GCC_NO_COMMON_BLOCKS = YES;
				GCC_WARN_64_TO_32_BIT_CONVERSION = YES;
				GCC_WARN_ABOUT_RETURN_TYPE = YES_ERROR;
				GCC_WARN_UNDECLARED_SELECTOR = YES;
				GCC_WARN_UNINITIALIZED_AUTOS = YES_AGGRESSIVE;
				GCC_WARN_UNUSED_FUNCTION = YES;
				GCC_WARN_UNUSED_VARIABLE = YES;
				IPHONEOS_DEPLOYMENT_TARGET = 18.0;
				MTL_ENABLE_DEBUG_INFO = NO;
				MTL_FAST_MATH = YES;
				PRODUCT_NAME = "$(TARGET_NAME)";
				SWIFT_COMPILATION_MODE = wholemodule;
				SWIFT_OPTIMIZATION_LEVEL = "-O";
				SWIFT_STRICT_CONCURRENCY = complete;
				SWIFT_VERSION = 6.0;
			};
			name = Release;
		};
		F412F7A62AD272426253C21B /* Debug */ = {
			isa = XCBuildConfiguration;
			buildSettings = {
				ALWAYS_SEARCH_USER_PATHS = NO;
				CLANG_ANALYZER_NONNULL = YES;
				CLANG_ANALYZER_NUMBER_OBJECT_CONVERSION = YES_AGGRESSIVE;
				CLANG_CXX_LANGUAGE_STANDARD = "gnu++14";
				CLANG_CXX_LIBRARY = "libc++";
				CLANG_ENABLE_MODULES = YES;
				CLANG_ENABLE_OBJC_ARC = YES;
				CLANG_ENABLE_OBJC_WEAK = YES;
				CLANG_WARN_BLOCK_CAPTURE_AUTORELEASING = YES;
				CLANG_WARN_BOOL_CONVERSION = YES;
				CLANG_WARN_COMMA = YES;
				CLANG_WARN_CONSTANT_CONVERSION = YES;
				CLANG_WARN_DEPRECATED_OBJC_IMPLEMENTATIONS = YES;
				CLANG_WARN_DIRECT_OBJC_ISA_USAGE = YES_ERROR;
				CLANG_WARN_DOCUMENTATION_COMMENTS = YES;
				CLANG_WARN_EMPTY_BODY = YES;
				CLANG_WARN_ENUM_CONVERSION = YES;
				CLANG_WARN_INFINITE_RECURSION = YES;
				CLANG_WARN_INT_CONVERSION = YES;
				CLANG_WARN_NON_LITERAL_NULL_CONVERSION = YES;
				CLANG_WARN_OBJC_IMPLICIT_RETAIN_SELF = YES;
				CLANG_WARN_OBJC_LITERAL_CONVERSION = YES;
				CLANG_WARN_OBJC_ROOT_CLASS = YES_ERROR;
				CLANG_WARN_QUOTED_INCLUDE_IN_FRAMEWORK_HEADER = YES;
				CLANG_WARN_RANGE_LOOP_ANALYSIS = YES;
				CLANG_WARN_STRICT_PROTOTYPES = YES;
				CLANG_WARN_SUSPICIOUS_MOVE = YES;
				CLANG_WARN_UNGUARDED_AVAILABILITY = YES_AGGRESSIVE;
				CLANG_WARN_UNREACHABLE_CODE = YES;
				CLANG_WARN__DUPLICATE_METHOD_MATCH = YES;
				CODE_SIGN_STYLE = Automatic;
				COPY_PHASE_STRIP = NO;
				DEBUG_INFORMATION_FORMAT = dwarf;
				ENABLE_STRICT_OBJC_MSGSEND = YES;
				ENABLE_TESTABILITY = YES;
				GCC_C_LANGUAGE_STANDARD = gnu11;
				GCC_DYNAMIC_NO_PIC = NO;
				GCC_NO_COMMON_BLOCKS = YES;
				GCC_OPTIMIZATION_LEVEL = 0;
				GCC_PREPROCESSOR_DEFINITIONS = (
					"$(inherited)",
					"DEBUG=1",
				);
				GCC_WARN_64_TO_32_BIT_CONVERSION = YES;
				GCC_WARN_ABOUT_RETURN_TYPE = YES_ERROR;
				GCC_WARN_UNDECLARED_SELECTOR = YES;
				GCC_WARN_UNINITIALIZED_AUTOS = YES_AGGRESSIVE;
				GCC_WARN_UNUSED_FUNCTION = YES;
				GCC_WARN_UNUSED_VARIABLE = YES;
				IPHONEOS_DEPLOYMENT_TARGET = 18.0;
				MTL_ENABLE_DEBUG_INFO = INCLUDE_SOURCE;
				MTL_FAST_MATH = YES;
				ONLY_ACTIVE_ARCH = YES;
				PRODUCT_NAME = "$(TARGET_NAME)";
				SWIFT_ACTIVE_COMPILATION_CONDITIONS = DEBUG;
				SWIFT_OPTIMIZATION_LEVEL = "-Onone";
				SWIFT_STRICT_CONCURRENCY = complete;
				SWIFT_VERSION = 6.0;
			};
			name = Debug;
		};
/* End XCBuildConfiguration section */

/* Begin XCConfigurationList section */
		8B734AA44CA4E1C75FEEC1CA /* Build configuration list for PBXNativeTarget "PropertyListings" */ = {
			isa = XCConfigurationList;
			buildConfigurations = (
				487712F4024B9AAB6D902039 /* Debug */,
				8D3EC30782D071D5A0C43122 /* Release */,
			);
			defaultConfigurationIsVisible = 0;
			defaultConfigurationName = Debug;
		};
		DB6519D0BAD01F28C8D95502 /* Build configuration list for PBXProject "PropertyListings" */ = {
			isa = XCConfigurationList;
			buildConfigurations = (
				F412F7A62AD272426253C21B /* Debug */,
				D3B0B16AD2F47BC42BD07E39 /* Release */,
			);
			defaultConfigurationIsVisible = 0;
			defaultConfigurationName = Debug;
		};
		E82D374805486B15403403B7 /* Build configuration list for PBXNativeTarget "PropertyListingsEndToEndTests" */ = {
			isa = XCConfigurationList;
			buildConfigurations = (
				6D40B687B5C2A1C39D8E3AFA /* Debug */,
				B5F6F0CF8C5F2CE026A3515D /* Release */,
			);
			defaultConfigurationIsVisible = 0;
			defaultConfigurationName = Debug;
		};
/* End XCConfigurationList section */

/* Begin XCLocalSwiftPackageReference section */
		A198456E11FB22B85C56A7F0 /* XCLocalSwiftPackageReference "Modules/Listings" */ = {
			isa = XCLocalSwiftPackageReference;
			relativePath = Modules/Listings;
		};
		E7E32880A1B6F03CEC31E57D /* XCLocalSwiftPackageReference "Modules/Shared/HTTPClient" */ = {
			isa = XCLocalSwiftPackageReference;
			relativePath = Modules/Shared/HTTPClient;
		};
/* End XCLocalSwiftPackageReference section */

/* Begin XCSwiftPackageProductDependency section */
		0CE768B798ADBC571C77B0E1 /* ListingsFeature */ = {
			isa = XCSwiftPackageProductDependency;
			productName = ListingsFeature;
		};
		92BA569E54A614CFFF001F56 /* HTTPClientLive */ = {
			isa = XCSwiftPackageProductDependency;
			productName = HTTPClientLive;
		};
		CDA5F3069E88F3DFEC8F7316 /* ListingsAPI */ = {
			isa = XCSwiftPackageProductDependency;
			productName = ListingsAPI;
		};
/* End XCSwiftPackageProductDependency section */
	};
	rootObject = 76EED64219FA5FA7BC508D8F /* Project object */;
}
